// !$*UTF8*$!
{
	archiveVersion = 1;
	classes = {
	};
	objectVersion = 54;
	objects = {

/* Begin PBXBuildFile section */
		DF56D17A1BDB489600DC6990 /* AppDelegate.swift in Sources */ = {isa = PBXBuildFile; fileRef = DF56D1791BDB489600DC6990 /* AppDelegate.swift */; };
		DF56D17E1BDB489600DC6990 /* Assets.xcassets in Resources */ = {isa = PBXBuildFile; fileRef = DF56D17D1BDB489600DC6990 /* Assets.xcassets */; };
		DF56D1941BDB490100DC6990 /* LeapHandManager.swift in Sources */ = {isa = PBXBuildFile; fileRef = DF56D1931BDB490100DC6990 /* LeapHandManager.swift */; };
		DFBD9EBE1BE03742005845D5 /* MainMenu.xib in Resources */ = {isa = PBXBuildFile; fileRef = DFBD9EBD1BE03742005845D5 /* MainMenu.xib */; };
		ED0AA80B2A5601B20061BAAD /* CylinderNode.swift in Sources */ = {isa = PBXBuildFile; fileRef = ED0AA80A2A5601B20061BAAD /* CylinderNode.swift */; };
		ED1145932A4F285E0067C5DE /* Hand3DScene.scn in Resources */ = {isa = PBXBuildFile; fileRef = ED1145922A4F285E0067C5DE /* Hand3DScene.scn */; };
		ED125F182EEB83F500C22F89 /* libLeapC.6.dylib in Embed Libraries */ = {isa = PBXBuildFile; fileRef = ED82BDA52EEB7912008BE4DE /* libLeapC.6.dylib */; settings = {ATTRIBUTES = (CodeSignOnCopy, ); }; };
		ED26419C2A727B9B00F438F4 /* HandStatsViewController.swift in Sources */ = {isa = PBXBuildFile; fileRef = ED26419B2A727B9B00F438F4 /* HandStatsViewController.swift */; };
		ED573D6A2A50C9310028027D /* HandPreviewViewController.swift in Sources */ = {isa = PBXBuildFile; fileRef = ED573D692A50C9310028027D /* HandPreviewViewController.swift */; };
		ED704AA02EEBAAAB001FF132 /* HandRigFactory.swift in Sources */ = {isa = PBXBuildFile; fileRef = ED704A9F2EEBAAAB001FF132 /* HandRigFactory.swift */; };
		ED704AA12EEBAAAB001FF132 /* HandRig.swift in Sources */ = {isa = PBXBuildFile; fileRef = ED704A9E2EEBAAAB001FF132 /* HandRig.swift */; };
		ED82BDA62EEB7912008BE4DE /* libLeapC.6.dylib in Frameworks */ = {isa = PBXBuildFile; fileRef = ED82BDA52EEB7912008BE4DE /* libLeapC.6.dylib */; };
		EDFE209F2A4F049300664D48 /* LeapPinchDetector.swift in Sources */ = {isa = PBXBuildFile; fileRef = EDFE209E2A4F049300664D48 /* LeapPinchDetector.swift */; };
		EDFE20A12A4F05CC00664D48 /* LeapExtendedFingerDetector.swift in Sources */ = {isa = PBXBuildFile; fileRef = EDFE20A02A4F05CC00664D48 /* LeapExtendedFingerDetector.swift */; };
/* End PBXBuildFile section */

/* Begin PBXCopyFilesBuildPhase section */
		DF56D1911BDB48E100DC6990 /* CopyFiles */ = {
			isa = PBXCopyFilesBuildPhase;
			buildActionMask = 2147483647;
			dstPath = "";
			dstSubfolderSpec = 6;
			files = (
			);
			runOnlyForDeploymentPostprocessing = 0;
		};
		DFBD9EB71BE03691005845D5 /* CopyFiles */ = {
			isa = PBXCopyFilesBuildPhase;
			buildActionMask = 2147483647;
			dstPath = "";
			dstSubfolderSpec = 6;
			files = (
			);
			runOnlyForDeploymentPostprocessing = 0;
		};
		EDAB61222A05403600B580C6 /* Embed Libraries */ = {
			isa = PBXCopyFilesBuildPhase;
			buildActionMask = 2147483647;
			dstPath = "";
			dstSubfolderSpec = 10;
			files = (
				ED125F182EEB83F500C22F89 /* libLeapC.6.dylib in Embed Libraries */,
			);
			name = "Embed Libraries";
			runOnlyForDeploymentPostprocessing = 0;
		};
/* End PBXCopyFilesBuildPhase section */

/* Begin PBXFileReference section */
		DF56D1761BDB489600DC6990 /* Ultraleap Hands.app */ = {isa = PBXFileReference; explicitFileType = wrapper.application; includeInIndex = 0; path = "Ultraleap Hands.app"; sourceTree = BUILT_PRODUCTS_DIR; };
		DF56D1791BDB489600DC6990 /* AppDelegate.swift */ = {isa = PBXFileReference; lastKnownFileType = sourcecode.swift; path = AppDelegate.swift; sourceTree = "<group>"; };
		DF56D17D1BDB489600DC6990 /* Assets.xcassets */ = {isa = PBXFileReference; lastKnownFileType = folder.assetcatalog; path = Assets.xcassets; sourceTree = "<group>"; };
		DF56D1821BDB489600DC6990 /* Info.plist */ = {isa = PBXFileReference; lastKnownFileType = text.plist.xml; path = Info.plist; sourceTree = "<group>"; };
		DF56D1931BDB490100DC6990 /* LeapHandManager.swift */ = {isa = PBXFileReference; fileEncoding = 4; lastKnownFileType = sourcecode.swift; path = LeapHandManager.swift; sourceTree = "<group>"; };
		DFBD9EB61BE0363B005845D5 /* SwiftLeapC-Bridging-Header.h */ = {isa = PBXFileReference; lastKnownFileType = sourcecode.c.h; path = "SwiftLeapC-Bridging-Header.h"; sourceTree = "<group>"; };
		DFBD9EBD1BE03742005845D5 /* MainMenu.xib */ = {isa = PBXFileReference; fileEncoding = 4; lastKnownFileType = file.xib; path = MainMenu.xib; sourceTree = "<group>"; };
		ED0AA80A2A5601B20061BAAD /* CylinderNode.swift */ = {isa = PBXFileReference; lastKnownFileType = sourcecode.swift; path = CylinderNode.swift; sourceTree = "<group>"; };
		ED1145922A4F285E0067C5DE /* Hand3DScene.scn */ = {isa = PBXFileReference; lastKnownFileType = file.bplist; path = Hand3DScene.scn; sourceTree = "<group>"; };
		ED26419B2A727B9B00F438F4 /* HandStatsViewController.swift */ = {isa = PBXFileReference; lastKnownFileType = sourcecode.swift; path = HandStatsViewController.swift; sourceTree = "<group>"; };
		ED4B12EB2AFD1D7B005C3F3C /* LeapC.h */ = {isa = PBXFileReference; fileEncoding = 4; lastKnownFileType = sourcecode.c.h; path = LeapC.h; sourceTree = "<group>"; };
		ED573D692A50C9310028027D /* HandPreviewViewController.swift */ = {isa = PBXFileReference; lastKnownFileType = sourcecode.swift; path = HandPreviewViewController.swift; sourceTree = "<group>"; };
		ED704A9E2EEBAAAB001FF132 /* HandRig.swift */ = {isa = PBXFileReference; lastKnownFileType = sourcecode.swift; path = HandRig.swift; sourceTree = "<group>"; };
		ED704A9F2EEBAAAB001FF132 /* HandRigFactory.swift */ = {isa = PBXFileReference; lastKnownFileType = sourcecode.swift; path = HandRigFactory.swift; sourceTree = "<group>"; };
		ED82BDA52EEB7912008BE4DE /* libLeapC.6.dylib */ = {isa = PBXFileReference; lastKnownFileType = "compiled.mach-o.dylib"; path = libLeapC.6.dylib; sourceTree = "<group>"; };
		EDFE209E2A4F049300664D48 /* LeapPinchDetector.swift */ = {isa = PBXFileReference; lastKnownFileType = sourcecode.swift; path = LeapPinchDetector.swift; sourceTree = "<group>"; };
		EDFE20A02A4F05CC00664D48 /* LeapExtendedFingerDetector.swift */ = {isa = PBXFileReference; lastKnownFileType = sourcecode.swift; path = LeapExtendedFingerDetector.swift; sourceTree = "<group>"; };
/* End PBXFileReference section */

/* Begin PBXFrameworksBuildPhase section */
		DF56D1731BDB489600DC6990 /* Frameworks */ = {
			isa = PBXFrameworksBuildPhase;
			buildActionMask = 2147483647;
			files = (
				ED82BDA62EEB7912008BE4DE /* libLeapC.6.dylib in Frameworks */,
			);
			runOnlyForDeploymentPostprocessing = 0;
		};
/* End PBXFrameworksBuildPhase section */

/* Begin PBXGroup section */
		DF56D16D1BDB489600DC6990 = {
			isa = PBXGroup;
			children = (
				DF56D1781BDB489600DC6990 /* SwiftLeapC */,
				DF56D1771BDB489600DC6990 /* Products */,
				ED6420642A4D64510017F7B7 /* Frameworks */,
			);
			sourceTree = "<group>";
		};
		DF56D1771BDB489600DC6990 /* Products */ = {
			isa = PBXGroup;
			children = (
				DF56D1761BDB489600DC6990 /* Ultraleap Hands.app */,
			);
			name = Products;
			sourceTree = "<group>";
		};
		DF56D1781BDB489600DC6990 /* SwiftLeapC */ = {
			isa = PBXGroup;
			children = (
				DFBD9EB61BE0363B005845D5 /* SwiftLeapC-Bridging-Header.h */,
				DFBD9EAD1BE03513005845D5 /* LeapC */,
				ED0AA80D2A56227D0061BAAD /* 2D */,
				ED0AA80C2A5622600061BAAD /* 3D */,
				EDFE20A22A4F06B700664D48 /* Tracking */,
				DF56D1791BDB489600DC6990 /* AppDelegate.swift */,
				DF56D17D1BDB489600DC6990 /* Assets.xcassets */,
				DFBD9EBD1BE03742005845D5 /* MainMenu.xib */,
				DF56D1821BDB489600DC6990 /* Info.plist */,
			);
			path = SwiftLeapC;
			sourceTree = "<group>";
		};
		DFBD9EAD1BE03513005845D5 /* LeapC */ = {
			isa = PBXGroup;
			children = (
				ED4B12EB2AFD1D7B005C3F3C /* LeapC.h */,
				ED82BDA52EEB7912008BE4DE /* libLeapC.6.dylib */,
			);
			path = LeapC;
			sourceTree = "<group>";
		};
		ED0AA80C2A5622600061BAAD /* 3D */ = {
			isa = PBXGroup;
			children = (
				ED0AA80A2A5601B20061BAAD /* CylinderNode.swift */,
				ED1145922A4F285E0067C5DE /* Hand3DScene.scn */,
				ED704A9E2EEBAAAB001FF132 /* HandRig.swift */,
				ED704A9F2EEBAAAB001FF132 /* HandRigFactory.swift */,
				ED573D692A50C9310028027D /* HandPreviewViewController.swift */,
			);
			path = 3D;
			sourceTree = "<group>";
		};
		ED0AA80D2A56227D0061BAAD /* 2D */ = {
			isa = PBXGroup;
			children = (
				ED26419B2A727B9B00F438F4 /* HandStatsViewController.swift */,
			);
			path = 2D;
			sourceTree = "<group>";
		};
		ED6420642A4D64510017F7B7 /* Frameworks */ = {
			isa = PBXGroup;
			children = (
			);
			name = Frameworks;
			sourceTree = "<group>";
		};
		EDFE20A22A4F06B700664D48 /* Tracking */ = {
			isa = PBXGroup;
			children = (
				DF56D1931BDB490100DC6990 /* LeapHandManager.swift */,
				EDFE209E2A4F049300664D48 /* LeapPinchDetector.swift */,
				EDFE20A02A4F05CC00664D48 /* LeapExtendedFingerDetector.swift */,
			);
			path = Tracking;
			sourceTree = "<group>";
		};
/* End PBXGroup section */

/* Begin PBXNativeTarget section */
		DF56D1751BDB489600DC6990 /* Ultraleap Hands */ = {
			isa = PBXNativeTarget;
			buildConfigurationList = DF56D1851BDB489600DC6990 /* Build configuration list for PBXNativeTarget "Ultraleap Hands" */;
			buildPhases = (
				DF56D1721BDB489600DC6990 /* Sources */,
				DF56D1731BDB489600DC6990 /* Frameworks */,
				DF56D1741BDB489600DC6990 /* Resources */,
				DF56D1911BDB48E100DC6990 /* CopyFiles */,
				DFBD9EB71BE03691005845D5 /* CopyFiles */,
				EDAB61222A05403600B580C6 /* Embed Libraries */,
			);
			buildRules = (
			);
			dependencies = (
			);
			name = "Ultraleap Hands";
			productName = LeapDemoSwift;
			productReference = DF56D1761BDB489600DC6990 /* Ultraleap Hands.app */;
			productType = "com.apple.product-type.application";
		};
/* End PBXNativeTarget section */

/* Begin PBXProject section */
		DF56D16E1BDB489600DC6990 /* Project object */ = {
			isa = PBXProject;
			attributes = {
				BuildIndependentTargetsInParallel = YES;
				LastSwiftUpdateCheck = 1500;
				LastUpgradeCheck = 2610;
				ORGANIZATIONNAME = "Kelly Innes";
				TargetAttributes = {
					DF56D1751BDB489600DC6990 = {
						CreatedOnToolsVersion = 7.0.1;
						LastSwiftMigration = 0830;
					};
				};
			};
			buildConfigurationList = DF56D1711BDB489600DC6990 /* Build configuration list for PBXProject "SwiftLeapC" */;
			compatibilityVersion = "Xcode 3.2";
			developmentRegion = en;
			hasScannedForEncodings = 0;
			knownRegions = (
				en,
				Base,
			);
			mainGroup = DF56D16D1BDB489600DC6990;
			productRefGroup = DF56D1771BDB489600DC6990 /* Products */;
			projectDirPath = "";
			projectRoot = "";
			targets = (
				DF56D1751BDB489600DC6990 /* Ultraleap Hands */,
			);
		};
/* End PBXProject section */

/* Begin PBXResourcesBuildPhase section */
		DF56D1741BDB489600DC6990 /* Resources */ = {
			isa = PBXResourcesBuildPhase;
			buildActionMask = 2147483647;
			files = (
				DF56D17E1BDB489600DC6990 /* Assets.xcassets in Resources */,
				ED1145932A4F285E0067C5DE /* Hand3DScene.scn in Resources */,
				DFBD9EBE1BE03742005845D5 /* MainMenu.xib in Resources */,
			);
			runOnlyForDeploymentPostprocessing = 0;
		};
/* End PBXResourcesBuildPhase section */

/* Begin PBXSourcesBuildPhase section */
		DF56D1721BDB489600DC6990 /* Sources */ = {
			isa = PBXSourcesBuildPhase;
			buildActionMask = 2147483647;
			files = (
				EDFE209F2A4F049300664D48 /* LeapPinchDetector.swift in Sources */,
				ED704AA02EEBAAAB001FF132 /* HandRigFactory.swift in Sources */,
				ED704AA12EEBAAAB001FF132 /* HandRig.swift in Sources */,
				ED573D6A2A50C9310028027D /* HandPreviewViewController.swift in Sources */,
				EDFE20A12A4F05CC00664D48 /* LeapExtendedFingerDetector.swift in Sources */,
				ED26419C2A727B9B00F438F4 /* HandStatsViewController.swift in Sources */,
				ED0AA80B2A5601B20061BAAD /* CylinderNode.swift in Sources */,
				DF56D1941BDB490100DC6990 /* LeapHandManager.swift in Sources */,
				DF56D17A1BDB489600DC6990 /* AppDelegate.swift in Sources */,
			);
			runOnlyForDeploymentPostprocessing = 0;
		};
/* End PBXSourcesBuildPhase section */

/* Begin XCBuildConfiguration section */
		DF56D1831BDB489600DC6990 /* Debug */ = {
			isa = XCBuildConfiguration;
			buildSettings = {
				ALWAYS_SEARCH_USER_PATHS = NO;
				ASSETCATALOG_COMPILER_GENERATE_SWIFT_ASSET_SYMBOL_EXTENSIONS = YES;
				CLANG_ANALYZER_LOCALIZABILITY_NONLOCALIZED = YES;
				CLANG_CXX_LANGUAGE_STANDARD = "gnu++0x";
				CLANG_CXX_LIBRARY = "libc++";
				CLANG_ENABLE_MODULES = YES;
				CLANG_ENABLE_OBJC_ARC = YES;
				CLANG_WARN_BLOCK_CAPTURE_AUTORELEASING = YES;
				CLANG_WARN_BOOL_CONVERSION = YES;
				CLANG_WARN_COMMA = YES;
				CLANG_WARN_CONSTANT_CONVERSION = YES;
				CLANG_WARN_DEPRECATED_OBJC_IMPLEMENTATIONS = YES;
				CLANG_WARN_DIRECT_OBJC_ISA_USAGE = YES_ERROR;
				CLANG_WARN_EMPTY_BODY = YES;
				CLANG_WARN_ENUM_CONVERSION = YES;
				CLANG_WARN_INFINITE_RECURSION = YES;
				CLANG_WARN_INT_CONVERSION = YES;
				CLANG_WARN_NON_LITERAL_NULL_CONVERSION = YES;
				CLANG_WARN_OBJC_IMPLICIT_RETAIN_SELF = YES;
				CLANG_WARN_OBJC_LITERAL_CONVERSION = YES;
				CLANG_WARN_OBJC_ROOT_CLASS = YES_ERROR;
				CLANG_WARN_QUOTED_INCLUDE_IN_FRAMEWORK_HEADER = YES;
				CLANG_WARN_RANGE_LOOP_ANALYSIS = YES;
				CLANG_WARN_STRICT_PROTOTYPES = YES;
				CLANG_WARN_SUSPICIOUS_MOVE = YES;
				CLANG_WARN_UNREACHABLE_CODE = YES;
				CLANG_WARN__DUPLICATE_METHOD_MATCH = YES;
				CODE_SIGN_IDENTITY = "-";
				COPY_PHASE_STRIP = NO;
				DEAD_CODE_STRIPPING = YES;
				DEBUG_INFORMATION_FORMAT = dwarf;
				ENABLE_STRICT_OBJC_MSGSEND = YES;
				ENABLE_TESTABILITY = YES;
				ENABLE_USER_SCRIPT_SANDBOXING = YES;
				GCC_C_LANGUAGE_STANDARD = gnu99;
				GCC_DYNAMIC_NO_PIC = NO;
				GCC_NO_COMMON_BLOCKS = YES;
				GCC_OPTIMIZATION_LEVEL = 0;
				GCC_PREPROCESSOR_DEFINITIONS = (
					"DEBUG=1",
					"$(inherited)",
				);
				GCC_WARN_64_TO_32_BIT_CONVERSION = YES;
				GCC_WARN_ABOUT_RETURN_TYPE = YES_ERROR;
				GCC_WARN_UNDECLARED_SELECTOR = YES;
				GCC_WARN_UNINITIALIZED_AUTOS = YES_AGGRESSIVE;
				GCC_WARN_UNUSED_FUNCTION = YES;
				GCC_WARN_UNUSED_VARIABLE = YES;
				INFOPLIST_KEY_NSHumanReadableCopyright = Ultraleap;
				MACOSX_DEPLOYMENT_TARGET = 10.12;
				MTL_ENABLE_DEBUG_INFO = YES;
				ONLY_ACTIVE_ARCH = YES;
				SDKROOT = macosx;
				STRING_CATALOG_GENERATE_SYMBOLS = YES;
				SWIFT_OPTIMIZATION_LEVEL = "-Onone";
				SWIFT_VERSION = 3.0;
			};
			name = Debug;
		};
		DF56D1841BDB489600DC6990 /* Release */ = {
			isa = XCBuildConfiguration;
			buildSettings = {
				ALWAYS_SEARCH_USER_PATHS = NO;
				ASSETCATALOG_COMPILER_GENERATE_SWIFT_ASSET_SYMBOL_EXTENSIONS = YES;
				CLANG_ANALYZER_LOCALIZABILITY_NONLOCALIZED = YES;
				CLANG_CXX_LANGUAGE_STANDARD = "gnu++0x";
				CLANG_CXX_LIBRARY = "libc++";
				CLANG_ENABLE_MODULES = YES;
				CLANG_ENABLE_OBJC_ARC = YES;
				CLANG_WARN_BLOCK_CAPTURE_AUTORELEASING = YES;
				CLANG_WARN_BOOL_CONVERSION = YES;
				CLANG_WARN_COMMA = YES;
				CLANG_WARN_CONSTANT_CONVERSION = YES;
				CLANG_WARN_DEPRECATED_OBJC_IMPLEMENTATIONS = YES;
				CLANG_WARN_DIRECT_OBJC_ISA_USAGE = YES_ERROR;
				CLANG_WARN_EMPTY_BODY = YES;
				CLANG_WARN_ENUM_CONVERSION = YES;
				CLANG_WARN_INFINITE_RECURSION = YES;
				CLANG_WARN_INT_CONVERSION = YES;
				CLANG_WARN_NON_LITERAL_NULL_CONVERSION = YES;
				CLANG_WARN_OBJC_IMPLICIT_RETAIN_SELF = YES;
				CLANG_WARN_OBJC_LITERAL_CONVERSION = YES;
				CLANG_WARN_OBJC_ROOT_CLASS = YES_ERROR;
				CLANG_WARN_QUOTED_INCLUDE_IN_FRAMEWORK_HEADER = YES;
				CLANG_WARN_RANGE_LOOP_ANALYSIS = YES;
				CLANG_WARN_STRICT_PROTOTYPES = YES;
				CLANG_WARN_SUSPICIOUS_MOVE = YES;
				CLANG_WARN_UNREACHABLE_CODE = YES;
				CLANG_WARN__DUPLICATE_METHOD_MATCH = YES;
				CODE_SIGN_IDENTITY = "-";
				COPY_PHASE_STRIP = NO;
				DEAD_CODE_STRIPPING = YES;
				DEBUG_INFORMATION_FORMAT = "dwarf-with-dsym";
				ENABLE_NS_ASSERTIONS = NO;
				ENABLE_STRICT_OBJC_MSGSEND = YES;
				ENABLE_USER_SCRIPT_SANDBOXING = YES;
				GCC_C_LANGUAGE_STANDARD = gnu99;
				GCC_NO_COMMON_BLOCKS = YES;
				GCC_WARN_64_TO_32_BIT_CONVERSION = YES;
				GCC_WARN_ABOUT_RETURN_TYPE = YES_ERROR;
				GCC_WARN_UNDECLARED_SELECTOR = YES;
				GCC_WARN_UNINITIALIZED_AUTOS = YES_AGGRESSIVE;
				GCC_WARN_UNUSED_FUNCTION = YES;
				GCC_WARN_UNUSED_VARIABLE = YES;
				INFOPLIST_KEY_NSHumanReadableCopyright = Ultraleap;
				MACOSX_DEPLOYMENT_TARGET = 10.12;
				MTL_ENABLE_DEBUG_INFO = NO;
				ONLY_ACTIVE_ARCH = YES;
				SDKROOT = macosx;
				STRING_CATALOG_GENERATE_SYMBOLS = YES;
				SWIFT_COMPILATION_MODE = wholemodule;
				SWIFT_OPTIMIZATION_LEVEL = "-O";
				SWIFT_VERSION = 3.0;
			};
			name = Release;
		};
		DF56D1861BDB489600DC6990 /* Debug */ = {
			isa = XCBuildConfiguration;
			buildSettings = {
				ASSETCATALOG_COMPILER_APPICON_NAME = AppIcon;
				CLANG_ENABLE_MODULES = YES;
				CODE_SIGN_IDENTITY = "Apple Development";
				"CODE_SIGN_IDENTITY[sdk=macosx*]" = "Apple Development";
				CODE_SIGN_STYLE = Automatic;
				COMBINE_HIDPI_IMAGES = YES;
				DEAD_CODE_STRIPPING = YES;
				DEVELOPMENT_TEAM = 67P3XQL3B4;
				ENABLE_APP_SANDBOX = YES;
				ENABLE_INCOMING_NETWORK_CONNECTIONS = NO;
				ENABLE_OUTGOING_NETWORK_CONNECTIONS = NO;
				ENABLE_RESOURCE_ACCESS_AUDIO_INPUT = NO;
				ENABLE_RESOURCE_ACCESS_BLUETOOTH = NO;
				ENABLE_RESOURCE_ACCESS_CALENDARS = NO;
				ENABLE_RESOURCE_ACCESS_CAMERA = NO;
				ENABLE_RESOURCE_ACCESS_CONTACTS = NO;
				ENABLE_RESOURCE_ACCESS_LOCATION = NO;
				ENABLE_RESOURCE_ACCESS_PRINTING = NO;
				ENABLE_RESOURCE_ACCESS_USB = NO;
				EXCLUDED_ARCHS = x86_64;
				INFOPLIST_FILE = SwiftLeapC/Info.plist;
				INFOPLIST_KEY_LSApplicationCategoryType = "public.app-category.productivity";
				LD_RUNPATH_SEARCH_PATHS = (
					"$(inherited)",
					"@executable_path/../Frameworks",
					"\"$(SRCROOT)/SwiftLeapC/LeapC\"",
				);
				LIBRARY_SEARCH_PATHS = (
					"$(inherited)",
					"$(PROJECT_DIR)/SwiftLeapC",
					"$(PROJECT_DIR)/SwiftLeapC/LeapC",
				);
				MACOSX_DEPLOYMENT_TARGET = 13.4;
				ONLY_ACTIVE_ARCH = YES;
				OTHER_LDFLAGS = "\"$(SRCROOT)/SwiftLeapC/LeapC/libLeapC.6.dylib\"";
				PRODUCT_BUNDLE_IDENTIFIER = com.5of12.swiftleapc;
				PRODUCT_NAME = "$(TARGET_NAME)";
				PROVISIONING_PROFILE_SPECIFIER = "";
				SWIFT_INCLUDE_PATHS = "\"$(SRCROOT)/SwiftLeapC/LeapC\"";
				SWIFT_OBJC_BRIDGING_HEADER = "SwiftLeapC/SwiftLeapC-Bridging-Header.h";
				SWIFT_OPTIMIZATION_LEVEL = "-Onone";
				SWIFT_VERSION = 5.0;
			};
			name = Debug;
		};
		DF56D1871BDB489600DC6990 /* Release */ = {
			isa = XCBuildConfiguration;
			buildSettings = {
				ASSETCATALOG_COMPILER_APPICON_NAME = AppIcon;
				AUTOMATION_APPLE_EVENTS = NO;
				CLANG_ENABLE_MODULES = YES;
				CODE_SIGN_IDENTITY = "Apple Development";
				CODE_SIGN_STYLE = Automatic;
				COMBINE_HIDPI_IMAGES = YES;
				DEAD_CODE_STRIPPING = YES;
				DEVELOPMENT_TEAM = 67P3XQL3B4;
				ENABLE_APP_SANDBOX = YES;
				ENABLE_HARDENED_RUNTIME = YES;
				ENABLE_INCOMING_NETWORK_CONNECTIONS = YES;
				ENABLE_OUTGOING_NETWORK_CONNECTIONS = YES;
				ENABLE_RESOURCE_ACCESS_AUDIO_INPUT = NO;
				ENABLE_RESOURCE_ACCESS_BLUETOOTH = NO;
				ENABLE_RESOURCE_ACCESS_CALENDARS = NO;
				ENABLE_RESOURCE_ACCESS_CAMERA = YES;
				ENABLE_RESOURCE_ACCESS_CONTACTS = NO;
				ENABLE_RESOURCE_ACCESS_LOCATION = NO;
				ENABLE_RESOURCE_ACCESS_PHOTO_LIBRARY = NO;
				ENABLE_RESOURCE_ACCESS_PRINTING = NO;
				ENABLE_RESOURCE_ACCESS_USB = YES;
				EXCLUDED_ARCHS = x86_64;
				INFOPLIST_FILE = SwiftLeapC/Info.plist;
				INFOPLIST_KEY_LSApplicationCategoryType = "public.app-category.productivity";
				LD_RUNPATH_SEARCH_PATHS = (
					"$(inherited)",
					"@executable_path/../Frameworks",
					"\"$(SRCROOT)/SwiftLeapC/LeapC\"",
				);
				LIBRARY_SEARCH_PATHS = (
					"$(inherited)",
					"$(PROJECT_DIR)/SwiftLeapC",
					"$(PROJECT_DIR)/SwiftLeapC/LeapC",
				);
				MACOSX_DEPLOYMENT_TARGET = 13.4;
				ONLY_ACTIVE_ARCH = YES;
				OTHER_LDFLAGS = "\"$(SRCROOT)/SwiftLeapC/LeapC/libLeapC.6.dylib\"";
				PRODUCT_BUNDLE_IDENTIFIER = com.5of12.swiftleapc;
				PRODUCT_NAME = "$(TARGET_NAME)";
				PROVISIONING_PROFILE_SPECIFIER = "";
				RUNTIME_EXCEPTION_ALLOW_DYLD_ENVIRONMENT_VARIABLES = YES;
				RUNTIME_EXCEPTION_ALLOW_JIT = YES;
				RUNTIME_EXCEPTION_ALLOW_UNSIGNED_EXECUTABLE_MEMORY = NO;
				RUNTIME_EXCEPTION_DEBUGGING_TOOL = NO;
				RUNTIME_EXCEPTION_DISABLE_EXECUTABLE_PAGE_PROTECTION = NO;
				RUNTIME_EXCEPTION_DISABLE_LIBRARY_VALIDATION = NO;
				SWIFT_INCLUDE_PATHS = "\"$(SRCROOT)/SwiftLeapC/LeapC\"";
				SWIFT_OBJC_BRIDGING_HEADER = "SwiftLeapC/SwiftLeapC-Bridging-Header.h";
				SWIFT_VERSION = 5.0;
			};
			name = Release;
		};
/* End XCBuildConfiguration section */

/* Begin XCConfigurationList section */
		DF56D1711BDB489600DC6990 /* Build configuration list for PBXProject "SwiftLeapC" */ = {
			isa = XCConfigurationList;
			buildConfigurations = (
				DF56D1831BDB489600DC6990 /* Debug */,
				DF56D1841BDB489600DC6990 /* Release */,
			);
			defaultConfigurationIsVisible = 0;
			defaultConfigurationName = Release;
		};
		DF56D1851BDB489600DC6990 /* Build configuration list for PBXNativeTarget "Ultraleap Hands" */ = {
			isa = XCConfigurationList;
			buildConfigurations = (
				DF56D1861BDB489600DC6990 /* Debug */,
				DF56D1871BDB489600DC6990 /* Release */,
			);
			defaultConfigurationIsVisible = 0;
			defaultConfigurationName = Release;
		};
/* End XCConfigurationList section */
	};
	rootObject = DF56D16E1BDB489600DC6990 /* Project object */;
}
